// !$*UTF8*$!
{
	archiveVersion = 1;
	classes = {
	};
	objectVersion = 50;
	objects = {

/* Begin PBXBuildFile section */
		155E9F4423B52C4E007303C7 /* AppDelegate.swift in Sources */ = {isa = PBXBuildFile; fileRef = 155E9F4323B52C4E007303C7 /* AppDelegate.swift */; };
		155E9F4623B52C4E007303C7 /* SceneDelegate.swift in Sources */ = {isa = PBXBuildFile; fileRef = 155E9F4523B52C4E007303C7 /* SceneDelegate.swift */; };
		155E9F4823B52C4E007303C7 /* ViewController.swift in Sources */ = {isa = PBXBuildFile; fileRef = 155E9F4723B52C4E007303C7 /* ViewController.swift */; };
		155E9F4B23B52C4E007303C7 /* Main.storyboard in Resources */ = {isa = PBXBuildFile; fileRef = 155E9F4923B52C4E007303C7 /* Main.storyboard */; };
		155E9F4D23B52C51007303C7 /* Assets.xcassets in Resources */ = {isa = PBXBuildFile; fileRef = 155E9F4C23B52C51007303C7 /* Assets.xcassets */; };
		155E9F5023B52C51007303C7 /* LaunchScreen.storyboard in Resources */ = {isa = PBXBuildFile; fileRef = 155E9F4E23B52C51007303C7 /* LaunchScreen.storyboard */; };
		155E9F5B23B52C51007303C7 /* SwiftUIKitTests.swift in Sources */ = {isa = PBXBuildFile; fileRef = 155E9F5A23B52C51007303C7 /* SwiftUIKitTests.swift */; };
		155E9F6623B52C52007303C7 /* SwiftUIKitUITests.swift in Sources */ = {isa = PBXBuildFile; fileRef = 155E9F6523B52C52007303C7 /* SwiftUIKitUITests.swift */; };
/* End PBXBuildFile section */

/* Begin PBXContainerItemProxy section */
		155E9F5723B52C51007303C7 /* PBXContainerItemProxy */ = {
			isa = PBXContainerItemProxy;
			containerPortal = 155E9F3823B52C4E007303C7 /* Project object */;
			proxyType = 1;
			remoteGlobalIDString = 155E9F3F23B52C4E007303C7;
			remoteInfo = SwiftUIKit;
		};
		155E9F6223B52C51007303C7 /* PBXContainerItemProxy */ = {
			isa = PBXContainerItemProxy;
			containerPortal = 155E9F3823B52C4E007303C7 /* Project object */;
			proxyType = 1;
			remoteGlobalIDString = 155E9F3F23B52C4E007303C7;
			remoteInfo = SwiftUIKit;
		};
/* End PBXContainerItemProxy section */

/* Begin PBXFileReference section */
		155E9F4023B52C4E007303C7 /* SwiftUIKit.app */ = {isa = PBXFileReference; explicitFileType = wrapper.application; includeInIndex = 0; path = SwiftUIKit.app; sourceTree = BUILT_PRODUCTS_DIR; };
		155E9F4323B52C4E007303C7 /* AppDelegate.swift */ = {isa = PBXFileReference; lastKnownFileType = sourcecode.swift; path = AppDelegate.swift; sourceTree = "<group>"; };
		155E9F4523B52C4E007303C7 /* SceneDelegate.swift */ = {isa = PBXFileReference; lastKnownFileType = sourcecode.swift; path = SceneDelegate.swift; sourceTree = "<group>"; };
		155E9F4723B52C4E007303C7 /* ViewController.swift */ = {isa = PBXFileReference; lastKnownFileType = sourcecode.swift; path = ViewController.swift; sourceTree = "<group>"; };
		155E9F4A23B52C4E007303C7 /* Base */ = {isa = PBXFileReference; lastKnownFileType = file.storyboard; name = Base; path = Base.lproj/Main.storyboard; sourceTree = "<group>"; };
		155E9F4C23B52C51007303C7 /* Assets.xcassets */ = {isa = PBXFileReference; lastKnownFileType = folder.assetcatalog; path = Assets.xcassets; sourceTree = "<group>"; };
		155E9F4F23B52C51007303C7 /* Base */ = {isa = PBXFileReference; lastKnownFileType = file.storyboard; name = Base; path = Base.lproj/LaunchScreen.storyboard; sourceTree = "<group>"; };
		155E9F5123B52C51007303C7 /* Info.plist */ = {isa = PBXFileReference; lastKnownFileType = text.plist.xml; path = Info.plist; sourceTree = "<group>"; };
		155E9F5623B52C51007303C7 /* SwiftUIKitTests.xctest */ = {isa = PBXFileReference; explicitFileType = wrapper.cfbundle; includeInIndex = 0; path = SwiftUIKitTests.xctest; sourceTree = BUILT_PRODUCTS_DIR; };
		155E9F5A23B52C51007303C7 /* SwiftUIKitTests.swift */ = {isa = PBXFileReference; lastKnownFileType = sourcecode.swift; path = SwiftUIKitTests.swift; sourceTree = "<group>"; };
		155E9F5C23B52C51007303C7 /* Info.plist */ = {isa = PBXFileReference; lastKnownFileType = text.plist.xml; path = Info.plist; sourceTree = "<group>"; };
		155E9F6123B52C51007303C7 /* SwiftUIKitUITests.xctest */ = {isa = PBXFileReference; explicitFileType = wrapper.cfbundle; includeInIndex = 0; path = SwiftUIKitUITests.xctest; sourceTree = BUILT_PRODUCTS_DIR; };
		155E9F6523B52C52007303C7 /* SwiftUIKitUITests.swift */ = {isa = PBXFileReference; lastKnownFileType = sourcecode.swift; path = SwiftUIKitUITests.swift; sourceTree = "<group>"; };
		155E9F6723B52C52007303C7 /* Info.plist */ = {isa = PBXFileReference; lastKnownFileType = text.plist.xml; path = Info.plist; sourceTree = "<group>"; };
/* End PBXFileReference section */

/* Begin PBXFrameworksBuildPhase section */
		155E9F3D23B52C4E007303C7 /* Frameworks */ = {
			isa = PBXFrameworksBuildPhase;
			buildActionMask = 2147483647;
			files = (
			);
			runOnlyForDeploymentPostprocessing = 0;
		};
		155E9F5323B52C51007303C7 /* Frameworks */ = {
			isa = PBXFrameworksBuildPhase;
			buildActionMask = 2147483647;
			files = (
			);
			runOnlyForDeploymentPostprocessing = 0;
		};
		155E9F5E23B52C51007303C7 /* Frameworks */ = {
			isa = PBXFrameworksBuildPhase;
			buildActionMask = 2147483647;
			files = (
			);
			runOnlyForDeploymentPostprocessing = 0;
		};
/* End PBXFrameworksBuildPhase section */

/* Begin PBXGroup section */
		155E9F3723B52C4E007303C7 = {
			isa = PBXGroup;
			children = (
				155E9F4223B52C4E007303C7 /* SwiftUIKit */,
				155E9F5923B52C51007303C7 /* SwiftUIKitTests */,
				155E9F6423B52C52007303C7 /* SwiftUIKitUITests */,
				155E9F4123B52C4E007303C7 /* Products */,
			);
			sourceTree = "<group>";
		};
		155E9F4123B52C4E007303C7 /* Products */ = {
			isa = PBXGroup;
			children = (
				155E9F4023B52C4E007303C7 /* SwiftUIKit.app */,
				155E9F5623B52C51007303C7 /* SwiftUIKitTests.xctest */,
				155E9F6123B52C51007303C7 /* SwiftUIKitUITests.xctest */,
			);
			name = Products;
			sourceTree = "<group>";
		};
		155E9F4223B52C4E007303C7 /* SwiftUIKit */ = {
			isa = PBXGroup;
			children = (
				155E9F4323B52C4E007303C7 /* AppDelegate.swift */,
				155E9F4523B52C4E007303C7 /* SceneDelegate.swift */,
				155E9F4723B52C4E007303C7 /* ViewController.swift */,
				155E9F4923B52C4E007303C7 /* Main.storyboard */,
				155E9F4C23B52C51007303C7 /* Assets.xcassets */,
				155E9F4E23B52C51007303C7 /* LaunchScreen.storyboard */,
				155E9F5123B52C51007303C7 /* Info.plist */,
			);
			path = SwiftUIKit;
			sourceTree = "<group>";
		};
		155E9F5923B52C51007303C7 /* SwiftUIKitTests */ = {
			isa = PBXGroup;
			children = (
				155E9F5A23B52C51007303C7 /* SwiftUIKitTests.swift */,
				155E9F5C23B52C51007303C7 /* Info.plist */,
			);
			path = SwiftUIKitTests;
			sourceTree = "<group>";
		};
		155E9F6423B52C52007303C7 /* SwiftUIKitUITests */ = {
			isa = PBXGroup;
			children = (
				155E9F6523B52C52007303C7 /* SwiftUIKitUITests.swift */,
				155E9F6723B52C52007303C7 /* Info.plist */,
			);
			path = SwiftUIKitUITests;
			sourceTree = "<group>";
		};
/* End PBXGroup section */

/* Begin PBXNativeTarget section */
		155E9F3F23B52C4E007303C7 /* SwiftUIKit */ = {
			isa = PBXNativeTarget;
			buildConfigurationList = 155E9F6A23B52C52007303C7 /* Build configuration list for PBXNativeTarget "SwiftUIKit" */;
			buildPhases = (
				155E9F3C23B52C4E007303C7 /* Sources */,
				155E9F3D23B52C4E007303C7 /* Frameworks */,
				155E9F3E23B52C4E007303C7 /* Resources */,
			);
			buildRules = (
			);
			dependencies = (
			);
			name = SwiftUIKit;
			productName = SwiftUIKit;
			productReference = 155E9F4023B52C4E007303C7 /* SwiftUIKit.app */;
			productType = "com.apple.product-type.application";
		};
		155E9F5523B52C51007303C7 /* SwiftUIKitTests */ = {
			isa = PBXNativeTarget;
			buildConfigurationList = 155E9F6D23B52C52007303C7 /* Build configuration list for PBXNativeTarget "SwiftUIKitTests" */;
			buildPhases = (
				155E9F5223B52C51007303C7 /* Sources */,
				155E9F5323B52C51007303C7 /* Frameworks */,
				155E9F5423B52C51007303C7 /* Resources */,
			);
			buildRules = (
			);
			dependencies = (
				155E9F5823B52C51007303C7 /* PBXTargetDependency */,
			);
			name = SwiftUIKitTests;
			productName = SwiftUIKitTests;
			productReference = 155E9F5623B52C51007303C7 /* SwiftUIKitTests.xctest */;
			productType = "com.apple.product-type.bundle.unit-test";
		};
		155E9F6023B52C51007303C7 /* SwiftUIKitUITests */ = {
			isa = PBXNativeTarget;
			buildConfigurationList = 155E9F7023B52C52007303C7 /* Build configuration list for PBXNativeTarget "SwiftUIKitUITests" */;
			buildPhases = (
				155E9F5D23B52C51007303C7 /* Sources */,
				155E9F5E23B52C51007303C7 /* Frameworks */,
				155E9F5F23B52C51007303C7 /* Resources */,
			);
			buildRules = (
			);
			dependencies = (
				155E9F6323B52C51007303C7 /* PBXTargetDependency */,
			);
			name = SwiftUIKitUITests;
			productName = SwiftUIKitUITests;
			productReference = 155E9F6123B52C51007303C7 /* SwiftUIKitUITests.xctest */;
			productType = "com.apple.product-type.bundle.ui-testing";
		};
/* End PBXNativeTarget section */

/* Begin PBXProject section */
		155E9F3823B52C4E007303C7 /* Project object */ = {
			isa = PBXProject;
			attributes = {
				LastSwiftUpdateCheck = 1130;
				LastUpgradeCheck = 1130;
				ORGANIZATIONNAME = "Larissa Diniz ";
				TargetAttributes = {
					155E9F3F23B52C4E007303C7 = {
						CreatedOnToolsVersion = 11.3;
					};
					155E9F5523B52C51007303C7 = {
						CreatedOnToolsVersion = 11.3;
						TestTargetID = 155E9F3F23B52C4E007303C7;
					};
					155E9F6023B52C51007303C7 = {
						CreatedOnToolsVersion = 11.3;
						TestTargetID = 155E9F3F23B52C4E007303C7;
					};
				};
			};
			buildConfigurationList = 155E9F3B23B52C4E007303C7 /* Build configuration list for PBXProject "SwiftUIKit" */;
			compatibilityVersion = "Xcode 9.3";
			developmentRegion = en;
			hasScannedForEncodings = 0;
			knownRegions = (
				en,
				Base,
			);
			mainGroup = 155E9F3723B52C4E007303C7;
			productRefGroup = 155E9F4123B52C4E007303C7 /* Products */;
			projectDirPath = "";
			projectRoot = "";
			targets = (
				155E9F3F23B52C4E007303C7 /* SwiftUIKit */,
				155E9F5523B52C51007303C7 /* SwiftUIKitTests */,
				155E9F6023B52C51007303C7 /* SwiftUIKitUITests */,
			);
		};
/* End PBXProject section */

/* Begin PBXResourcesBuildPhase section */
		155E9F3E23B52C4E007303C7 /* Resources */ = {
			isa = PBXResourcesBuildPhase;
			buildActionMask = 2147483647;
			files = (
				155E9F5023B52C51007303C7 /* LaunchScreen.storyboard in Resources */,
				155E9F4D23B52C51007303C7 /* Assets.xcassets in Resources */,
				155E9F4B23B52C4E007303C7 /* Main.storyboard in Resources */,
			);
			runOnlyForDeploymentPostprocessing = 0;
		};
		155E9F5423B52C51007303C7 /* Resources */ = {
			isa = PBXResourcesBuildPhase;
			buildActionMask = 2147483647;
			files = (
			);
			runOnlyForDeploymentPostprocessing = 0;
		};
		155E9F5F23B52C51007303C7 /* Resources */ = {
			isa = PBXResourcesBuildPhase;
			buildActionMask = 2147483647;
			files = (
			);
			runOnlyForDeploymentPostprocessing = 0;
		};
/* End PBXResourcesBuildPhase section */

/* Begin PBXSourcesBuildPhase section */
		155E9F3C23B52C4E007303C7 /* Sources */ = {
			isa = PBXSourcesBuildPhase;
			buildActionMask = 2147483647;
			files = (
				155E9F4823B52C4E007303C7 /* ViewController.swift in Sources */,
				155E9F4423B52C4E007303C7 /* AppDelegate.swift in Sources */,
				155E9F4623B52C4E007303C7 /* SceneDelegate.swift in Sources */,
			);
			runOnlyForDeploymentPostprocessing = 0;
		};
		155E9F5223B52C51007303C7 /* Sources */ = {
			isa = PBXSourcesBuildPhase;
			buildActionMask = 2147483647;
			files = (
				155E9F5B23B52C51007303C7 /* SwiftUIKitTests.swift in Sources */,
			);
			runOnlyForDeploymentPostprocessing = 0;
		};
		155E9F5D23B52C51007303C7 /* Sources */ = {
			isa = PBXSourcesBuildPhase;
			buildActionMask = 2147483647;
			files = (
				155E9F6623B52C52007303C7 /* SwiftUIKitUITests.swift in Sources */,
			);
			runOnlyForDeploymentPostprocessing = 0;
		};
/* End PBXSourcesBuildPhase section */

/* Begin PBXTargetDependency section */
		155E9F5823B52C51007303C7 /* PBXTargetDependency */ = {
			isa = PBXTargetDependency;
			target = 155E9F3F23B52C4E007303C7 /* SwiftUIKit */;
			targetProxy = 155E9F5723B52C51007303C7 /* PBXContainerItemProxy */;
		};
		155E9F6323B52C51007303C7 /* PBXTargetDependency */ = {
			isa = PBXTargetDependency;
			target = 155E9F3F23B52C4E007303C7 /* SwiftUIKit */;
			targetProxy = 155E9F6223B52C51007303C7 /* PBXContainerItemProxy */;
		};
/* End PBXTargetDependency section */

/* Begin PBXVariantGroup section */
		155E9F4923B52C4E007303C7 /* Main.storyboard */ = {
			isa = PBXVariantGroup;
			children = (
				155E9F4A23B52C4E007303C7 /* Base */,
			);
			name = Main.storyboard;
			sourceTree = "<group>";
		};
		155E9F4E23B52C51007303C7 /* LaunchScreen.storyboard */ = {
			isa = PBXVariantGroup;
			children = (
				155E9F4F23B52C51007303C7 /* Base */,
			);
			name = LaunchScreen.storyboard;
			sourceTree = "<group>";
		};
/* End PBXVariantGroup section */

/* Begin XCBuildConfiguration section */
		155E9F6823B52C52007303C7 /* Debug */ = {
			isa = XCBuildConfiguration;
			buildSettings = {
				ALWAYS_SEARCH_USER_PATHS = NO;
				CLANG_ANALYZER_NONNULL = YES;
				CLANG_ANALYZER_NUMBER_OBJECT_CONVERSION = YES_AGGRESSIVE;
				CLANG_CXX_LANGUAGE_STANDARD = "gnu++14";
				CLANG_CXX_LIBRARY = "libc++";
				CLANG_ENABLE_MODULES = YES;
				CLANG_ENABLE_OBJC_ARC = YES;
				CLANG_ENABLE_OBJC_WEAK = YES;
				CLANG_WARN_BLOCK_CAPTURE_AUTORELEASING = YES;
				CLANG_WARN_BOOL_CONVERSION = YES;
				CLANG_WARN_COMMA = YES;
				CLANG_WARN_CONSTANT_CONVERSION = YES;
				CLANG_WARN_DEPRECATED_OBJC_IMPLEMENTATIONS = YES;
				CLANG_WARN_DIRECT_OBJC_ISA_USAGE = YES_ERROR;
				CLANG_WARN_DOCUMENTATION_COMMENTS = YES;
				CLANG_WARN_EMPTY_BODY = YES;
				CLANG_WARN_ENUM_CONVERSION = YES;
				CLANG_WARN_INFINITE_RECURSION = YES;
				CLANG_WARN_INT_CONVERSION = YES;
				CLANG_WARN_NON_LITERAL_NULL_CONVERSION = YES;
				CLANG_WARN_OBJC_IMPLICIT_RETAIN_SELF = YES;
				CLANG_WARN_OBJC_LITERAL_CONVERSION = YES;
				CLANG_WARN_OBJC_ROOT_CLASS = YES_ERROR;
				CLANG_WARN_RANGE_LOOP_ANALYSIS = YES;
				CLANG_WARN_STRICT_PROTOTYPES = YES;
				CLANG_WARN_SUSPICIOUS_MOVE = YES;
				CLANG_WARN_UNGUARDED_AVAILABILITY = YES_AGGRESSIVE;
				CLANG_WARN_UNREACHABLE_CODE = YES;
				CLANG_WARN__DUPLICATE_METHOD_MATCH = YES;
				COPY_PHASE_STRIP = NO;
				DEBUG_INFORMATION_FORMAT = dwarf;
				ENABLE_STRICT_OBJC_MSGSEND = YES;
				ENABLE_TESTABILITY = YES;
				GCC_C_LANGUAGE_STANDARD = gnu11;
				GCC_DYNAMIC_NO_PIC = NO;
				GCC_NO_COMMON_BLOCKS = YES;
				GCC_OPTIMIZATION_LEVEL = 0;
				GCC_PREPROCESSOR_DEFINITIONS = (
					"DEBUG=1",
					"$(inherited)",
				);
				GCC_WARN_64_TO_32_BIT_CONVERSION = YES;
				GCC_WARN_ABOUT_RETURN_TYPE = YES_ERROR;
				GCC_WARN_UNDECLARED_SELECTOR = YES;
				GCC_WARN_UNINITIALIZED_AUTOS = YES_AGGRESSIVE;
				GCC_WARN_UNUSED_FUNCTION = YES;
				GCC_WARN_UNUSED_VARIABLE = YES;
				IPHONEOS_DEPLOYMENT_TARGET = 13.2;
				MTL_ENABLE_DEBUG_INFO = INCLUDE_SOURCE;
				MTL_FAST_MATH = YES;
				ONLY_ACTIVE_ARCH = YES;
				SDKROOT = iphoneos;
				SWIFT_ACTIVE_COMPILATION_CONDITIONS = DEBUG;
				SWIFT_OPTIMIZATION_LEVEL = "-Onone";
			};
			name = Debug;
		};
		155E9F6923B52C52007303C7 /* Release */ = {
			isa = XCBuildConfiguration;
			buildSettings = {
				ALWAYS_SEARCH_USER_PATHS = NO;
				CLANG_ANALYZER_NONNULL = YES;
				CLANG_ANALYZER_NUMBER_OBJECT_CONVERSION = YES_AGGRESSIVE;
				CLANG_CXX_LANGUAGE_STANDARD = "gnu++14";
				CLANG_CXX_LIBRARY = "libc++";
				CLANG_ENABLE_MODULES = YES;
				CLANG_ENABLE_OBJC_ARC = YES;
				CLANG_ENABLE_OBJC_WEAK = YES;
				CLANG_WARN_BLOCK_CAPTURE_AUTORELEASING = YES;
				CLANG_WARN_BOOL_CONVERSION = YES;
				CLANG_WARN_COMMA = YES;
				CLANG_WARN_CONSTANT_CONVERSION = YES;
				CLANG_WARN_DEPRECATED_OBJC_IMPLEMENTATIONS = YES;
				CLANG_WARN_DIRECT_OBJC_ISA_USAGE = YES_ERROR;
				CLANG_WARN_DOCUMENTATION_COMMENTS = YES;
				CLANG_WARN_EMPTY_BODY = YES;
				CLANG_WARN_ENUM_CONVERSION = YES;
				CLANG_WARN_INFINITE_RECURSION = YES;
				CLANG_WARN_INT_CONVERSION = YES;
				CLANG_WARN_NON_LITERAL_NULL_CONVERSION = YES;
				CLANG_WARN_OBJC_IMPLICIT_RETAIN_SELF = YES;
				CLANG_WARN_OBJC_LITERAL_CONVERSION = YES;
				CLANG_WARN_OBJC_ROOT_CLASS = YES_ERROR;
				CLANG_WARN_RANGE_LOOP_ANALYSIS = YES;
				CLANG_WARN_STRICT_PROTOTYPES = YES;
				CLANG_WARN_SUSPICIOUS_MOVE = YES;
				CLANG_WARN_UNGUARDED_AVAILABILITY = YES_AGGRESSIVE;
				CLANG_WARN_UNREACHABLE_CODE = YES;
				CLANG_WARN__DUPLICATE_METHOD_MATCH = YES;
				COPY_PHASE_STRIP = NO;
				DEBUG_INFORMATION_FORMAT = "dwarf-with-dsym";
				ENABLE_NS_ASSERTIONS = NO;
				ENABLE_STRICT_OBJC_MSGSEND = YES;
				GCC_C_LANGUAGE_STANDARD = gnu11;
				GCC_NO_COMMON_BLOCKS = YES;
				GCC_WARN_64_TO_32_BIT_CONVERSION = YES;
				GCC_WARN_ABOUT_RETURN_TYPE = YES_ERROR;
				GCC_WARN_UNDECLARED_SELECTOR = YES;
				GCC_WARN_UNINITIALIZED_AUTOS = YES_AGGRESSIVE;
				GCC_WARN_UNUSED_FUNCTION = YES;
				GCC_WARN_UNUSED_VARIABLE = YES;
				IPHONEOS_DEPLOYMENT_TARGET = 13.2;
				MTL_ENABLE_DEBUG_INFO = NO;
				MTL_FAST_MATH = YES;
				SDKROOT = iphoneos;
				SWIFT_COMPILATION_MODE = wholemodule;
				SWIFT_OPTIMIZATION_LEVEL = "-O";
				VALIDATE_PRODUCT = YES;
			};
			name = Release;
		};
		155E9F6B23B52C52007303C7 /* Debug */ = {
			isa = XCBuildConfiguration;
			buildSettings = {
				ASSETCATALOG_COMPILER_APPICON_NAME = AppIcon;
				CODE_SIGN_STYLE = Automatic;
				INFOPLIST_FILE = SwiftUIKit/Info.plist;
				LD_RUNPATH_SEARCH_PATHS = (
					"$(inherited)",
					"@executable_path/Frameworks",
				);
				PRODUCT_BUNDLE_IDENTIFIER = involves.SwiftUIKit;
				PRODUCT_NAME = "$(TARGET_NAME)";
				SWIFT_VERSION = 5.0;
				TARGETED_DEVICE_FAMILY = "1,2";
			};
			name = Debug;
		};
		155E9F6C23B52C52007303C7 /* Release */ = {
			isa = XCBuildConfiguration;
			buildSettings = {
				ASSETCATALOG_COMPILER_APPICON_NAME = AppIcon;
				CODE_SIGN_STYLE = Automatic;
				INFOPLIST_FILE = SwiftUIKit/Info.plist;
				LD_RUNPATH_SEARCH_PATHS = (
					"$(inherited)",
					"@executable_path/Frameworks",
				);
				PRODUCT_BUNDLE_IDENTIFIER = involves.SwiftUIKit;
				PRODUCT_NAME = "$(TARGET_NAME)";
				SWIFT_VERSION = 5.0;
				TARGETED_DEVICE_FAMILY = "1,2";
			};
			name = Release;
		};
		155E9F6E23B52C52007303C7 /* Debug */ = {
			isa = XCBuildConfiguration;
			buildSettings = {
				ALWAYS_EMBED_SWIFT_STANDARD_LIBRARIES = YES;
				BUNDLE_LOADER = "$(TEST_HOST)";
				CODE_SIGN_STYLE = Automatic;
				INFOPLIST_FILE = SwiftUIKitTests/Info.plist;
				IPHONEOS_DEPLOYMENT_TARGET = 13.2;
				LD_RUNPATH_SEARCH_PATHS = (
					"$(inherited)",
					"@executable_path/Frameworks",
					"@loader_path/Frameworks",
				);
				PRODUCT_BUNDLE_IDENTIFIER = involves.SwiftUIKitTests;
				PRODUCT_NAME = "$(TARGET_NAME)";
				SWIFT_VERSION = 5.0;
				TARGETED_DEVICE_FAMILY = "1,2";
				TEST_HOST = "$(BUILT_PRODUCTS_DIR)/SwiftUIKit.app/SwiftUIKit";
			};
			name = Debug;
		};
		155E9F6F23B52C52007303C7 /* Release */ = {
			isa = XCBuildConfiguration;
			buildSettings = {
				ALWAYS_EMBED_SWIFT_STANDARD_LIBRARIES = YES;
				BUNDLE_LOADER = "$(TEST_HOST)";
				CODE_SIGN_STYLE = Automatic;
				INFOPLIST_FILE = SwiftUIKitTests/Info.plist;
				IPHONEOS_DEPLOYMENT_TARGET = 13.2;
				LD_RUNPATH_SEARCH_PATHS = (
					"$(inherited)",
					"@executable_path/Frameworks",
					"@loader_path/Frameworks",
				);
				PRODUCT_BUNDLE_IDENTIFIER = involves.SwiftUIKitTests;
				PRODUCT_NAME = "$(TARGET_NAME)";
				SWIFT_VERSION = 5.0;
				TARGETED_DEVICE_FAMILY = "1,2";
				TEST_HOST = "$(BUILT_PRODUCTS_DIR)/SwiftUIKit.app/SwiftUIKit";
			};
			name = Release;
		};
		155E9F7123B52C52007303C7 /* Debug */ = {
			isa = XCBuildConfiguration;
			buildSettings = {
				ALWAYS_EMBED_SWIFT_STANDARD_LIBRARIES = YES;
				CODE_SIGN_STYLE = Automatic;
				INFOPLIST_FILE = SwiftUIKitUITests/Info.plist;
				LD_RUNPATH_SEARCH_PATHS = (
					"$(inherited)",
					"@executable_path/Frameworks",
					"@loader_path/Frameworks",
				);
				PRODUCT_BUNDLE_IDENTIFIER = involves.SwiftUIKitUITests;
				PRODUCT_NAME = "$(TARGET_NAME)";
				SWIFT_VERSION = 5.0;
				TARGETED_DEVICE_FAMILY = "1,2";
				TEST_TARGET_NAME = SwiftUIKit;
			};
			name = Debug;
		};
		155E9F7223B52C52007303C7 /* Release */ = {
			isa = XCBuildConfiguration;
			buildSettings = {
				ALWAYS_EMBED_SWIFT_STANDARD_LIBRARIES = YES;
				CODE_SIGN_STYLE = Automatic;
				INFOPLIST_FILE = SwiftUIKitUITests/Info.plist;
				LD_RUNPATH_SEARCH_PATHS = (
					"$(inherited)",
					"@executable_path/Frameworks",
					"@loader_path/Frameworks",
				);
				PRODUCT_BUNDLE_IDENTIFIER = involves.SwiftUIKitUITests;
				PRODUCT_NAME = "$(TARGET_NAME)";
				SWIFT_VERSION = 5.0;
				TARGETED_DEVICE_FAMILY = "1,2";
				TEST_TARGET_NAME = SwiftUIKit;
			};
			name = Release;
		};
/* End XCBuildConfiguration section */

/* Begin XCConfigurationList section */
		155E9F3B23B52C4E007303C7 /* Build configuration list for PBXProject "SwiftUIKit" */ = {
			isa = XCConfigurationList;
			buildConfigurations = (
				155E9F6823B52C52007303C7 /* Debug */,
				155E9F6923B52C52007303C7 /* Release */,
			);
			defaultConfigurationIsVisible = 0;
			defaultConfigurationName = Release;
		};
		155E9F6A23B52C52007303C7 /* Build configuration list for PBXNativeTarget "SwiftUIKit" */ = {
			isa = XCConfigurationList;
			buildConfigurations = (
				155E9F6B23B52C52007303C7 /* Debug */,
				155E9F6C23B52C52007303C7 /* Release */,
			);
			defaultConfigurationIsVisible = 0;
			defaultConfigurationName = Release;
		};
		155E9F6D23B52C52007303C7 /* Build configuration list for PBXNativeTarget "SwiftUIKitTests" */ = {
			isa = XCConfigurationList;
			buildConfigurations = (
				155E9F6E23B52C52007303C7 /* Debug */,
				155E9F6F23B52C52007303C7 /* Release */,
			);
			defaultConfigurationIsVisible = 0;
			defaultConfigurationName = Release;
		};
		155E9F7023B52C52007303C7 /* Build configuration list for PBXNativeTarget "SwiftUIKitUITests" */ = {
			isa = XCConfigurationList;
			buildConfigurations = (
				155E9F7123B52C52007303C7 /* Debug */,
				155E9F7223B52C52007303C7 /* Release */,
			);
			defaultConfigurationIsVisible = 0;
			defaultConfigurationName = Release;
		};
/* End XCConfigurationList section */
	};
	rootObject = 155E9F3823B52C4E007303C7 /* Project object */;
}
